
Microsoft Visual Studio Solution File, Format Version 12.00
# Visual Studio 15
VisualStudioVersion = 15.0.27130.2010
MinimumVisualStudioVersion = 10.0.40219.1
Project("{FAE04EC0-301F-11D3-BF4B-00C04F79EFBC}") = "TryToNet", "TryToNet\TryToNet.csproj", "{0317BE11-411B-45DA-966F-36F1AA10D3A3}"
EndProject
Project("{FAE04EC0-301F-11D3-BF4B-00C04F79EFBC}") = "NetRealization", "NetRealization\NetRealization.csproj", "{FD645F81-D525-4850-800A-6878C405A706}"
EndProject
Global
	GlobalSection(SolutionConfigurationPlatforms) = preSolution
		Debug|Any CPU = Debug|Any CPU
		Release|Any CPU = Release|Any CPU
	EndGlobalSection
	GlobalSection(ProjectConfigurationPlatforms) = postSolution
		{0317BE11-411B-45DA-966F-36F1AA10D3A3}.Debug|Any CPU.ActiveCfg = Debug|Any CPU
		{0317BE11-411B-45DA-966F-36F1AA10D3A3}.Debug|Any CPU.Build.0 = Debug|Any CPU
		{0317BE11-411B-45DA-966F-36F1AA10D3A3}.Release|Any CPU.ActiveCfg = Release|Any CPU
		{0317BE11-411B-45DA-966F-36F1AA10D3A3}.Release|Any CPU.Build.0 = Release|Any CPU
		{FD645F81-D525-4850-800A-6878C405A706}.Debug|Any CPU.ActiveCfg = Debug|Any CPU
		{FD645F81-D525-4850-800A-6878C405A706}.Debug|Any CPU.Build.0 = Debug|Any CPU
		{FD645F81-D525-4850-800A-6878C405A706}.Release|Any CPU.ActiveCfg = Release|Any CPU
		{FD645F81-D525-4850-800A-6878C405A706}.Release|Any CPU.Build.0 = Release|Any CPU
	EndGlobalSection
	GlobalSection(SolutionProperties) = preSolution
		HideSolutionNode = FALSE
	EndGlobalSection
	GlobalSection(ExtensibilityGlobals) = postSolution
		SolutionGuid = {50AB0F51-8758-46DA-8853-6F63738E0205}
	EndGlobalSection
EndGlobal
